{
  "requires": true,
  "lockfileVersion": 1,
  "dependencies": {
    "@grapecity/gcpdfviewer": {
      "version": "7.1.0",
      "resolved": "https://registry.npmjs.org/@grapecity/gcpdfviewer/-/gcpdfviewer-7.1.0.tgz",
      "integrity": "sha512-z10dlj9EML/SrqF273bGJEjdTUFQ7k7aJn7j7TIMP6scrXdgjbyBENs6Q3MkZOlcoLyw1dUH1prL741YFkIkIw=="
    }
  }
}
